dependencies:
- name: docker-registry
  repository: https://helm.twun.io
  version: 2.2.2
- name: traefik
  repository: https://helm.traefik.io/traefik
  version: 26.0.0
- name: cert-manager
  repository: https://charts.jetstack.io
  version: v1.13.3
digest: sha256:55288e916c2627ea049f6660598641d45464e9c2e9a6cfb45c0f93f24e250503
generated: "2024-01-28T20:29:41.064413955+01:00"
